
Microsoft Visual Studio Solution File, Format Version 12.00
# Visual Studio Version 17
VisualStudioVersion = 17.0.31903.59
MinimumVisualStudioVersion = 10.0.40219.1
Project("{FAE04EC0-301F-11D3-BF4B-00C04F79EFBC}") = "weekly", "weekly\weekly.csproj", "{F02191E0-BCAF-46D6-9869-29A6B91C45B8}"
EndProject
Global
	GlobalSection(SolutionConfigurationPlatforms) = preSolution
		Debug|Any CPU = Debug|Any CPU
		Release|Any CPU = Release|Any CPU
	EndGlobalSection
	GlobalSection(ProjectConfigurationPlatforms) = postSolution
		{F02191E0-BCAF-46D6-9869-29A6B91C45B8}.Debug|Any CPU.ActiveCfg = Debug|Any CPU
		{F02191E0-BCAF-46D6-9869-29A6B91C45B8}.Debug|Any CPU.Build.0 = Debug|Any CPU
		{F02191E0-BCAF-46D6-9869-29A6B91C45B8}.Release|Any CPU.ActiveCfg = Release|Any CPU
		{F02191E0-BCAF-46D6-9869-29A6B91C45B8}.Release|Any CPU.Build.0 = Release|Any CPU
	EndGlobalSection
	GlobalSection(SolutionProperties) = preSolution
		HideSolutionNode = FALSE
	EndGlobalSection
	GlobalSection(ExtensibilityGlobals) = postSolution
		SolutionGuid = {FCB4CC38-0B29-4A8B-9F4A-D883B50613A2}
	EndGlobalSection
EndGlobal
